// !$*UTF8*$!
{
	archiveVersion = 1;
	classes = {
	};
	objectVersion = 46;
	objects = {

/* Begin PBXBuildFile section */
		0AC25C18156DB51A004F57CB /* UIKit.framework in Frameworks */ = {isa = PBXBuildFile; fileRef = 0AC25C17156DB51A004F57CB /* UIKit.framework */; };
		0AC25C1A156DB51A004F57CB /* Foundation.framework in Frameworks */ = {isa = PBXBuildFile; fileRef = 0AC25C19156DB51A004F57CB /* Foundation.framework */; };
		0AC25C1C156DB51A004F57CB /* CoreGraphics.framework in Frameworks */ = {isa = PBXBuildFile; fileRef = 0AC25C1B156DB51A004F57CB /* CoreGraphics.framework */; };
		0AC25C22156DB51A004F57CB /* InfoPlist.strings in Resources */ = {isa = PBXBuildFile; fileRef = 0AC25C20156DB51A004F57CB /* InfoPlist.strings */; };
		0AC25C24156DB51A004F57CB /* main.m in Sources */ = {isa = PBXBuildFile; fileRef = 0AC25C23156DB51A004F57CB /* main.m */; };
		0AC25C28156DB51A004F57CB /* AppDelegate.m in Sources */ = {isa = PBXBuildFile; fileRef = 0AC25C27156DB51A004F57CB /* AppDelegate.m */; };
		0AC25C2B156DB51A004F57CB /* MainStoryboard_iPhone.storyboard in Resources */ = {isa = PBXBuildFile; fileRef = 0AC25C29156DB51A004F57CB /* MainStoryboard_iPhone.storyboard */; };
		0AC25C2E156DB51A004F57CB /* MainStoryboard_iPad.storyboard in Resources */ = {isa = PBXBuildFile; fileRef = 0AC25C2C156DB51A004F57CB /* MainStoryboard_iPad.storyboard */; };
		0AC25C31156DB51A004F57CB /* ViewController.m in Sources */ = {isa = PBXBuildFile; fileRef = 0AC25C30156DB51A004F57CB /* ViewController.m */; };
		0AC25C39156DB51A004F57CB /* SenTestingKit.framework in Frameworks */ = {isa = PBXBuildFile; fileRef = 0AC25C38156DB51A004F57CB /* SenTestingKit.framework */; };
		0AC25C3A156DB51A004F57CB /* UIKit.framework in Frameworks */ = {isa = PBXBuildFile; fileRef = 0AC25C17156DB51A004F57CB /* UIKit.framework */; };
		0AC25C3B156DB51A004F57CB /* Foundation.framework in Frameworks */ = {isa = PBXBuildFile; fileRef = 0AC25C19156DB51A004F57CB /* Foundation.framework */; };
		0AC25C43156DB51A004F57CB /* InfoPlist.strings in Resources */ = {isa = PBXBuildFile; fileRef = 0AC25C41156DB51A004F57CB /* InfoPlist.strings */; };
		0AC25C46156DB51A004F57CB /* snappTests.m in Sources */ = {isa = PBXBuildFile; fileRef = 0AC25C45156DB51A004F57CB /* snappTests.m */; };
/* End PBXBuildFile section */

/* Begin PBXContainerItemProxy section */
		0AC25C3C156DB51A004F57CB /* PBXContainerItemProxy */ = {
			isa = PBXContainerItemProxy;
			containerPortal = 0AC25C0A156DB51A004F57CB /* Project object */;
			proxyType = 1;
			remoteGlobalIDString = 0AC25C12156DB51A004F57CB;
			remoteInfo = snapp;
		};
/* End PBXContainerItemProxy section */

/* Begin PBXFileReference section */
		0AC25C13156DB51A004F57CB /* snapp.app */ = {isa = PBXFileReference; explicitFileType = wrapper.application; includeInIndex = 0; path = snapp.app; sourceTree = BUILT_PRODUCTS_DIR; };
		0AC25C17156DB51A004F57CB /* UIKit.framework */ = {isa = PBXFileReference; lastKnownFileType = wrapper.framework; name = UIKit.framework; path = System/Library/Frameworks/UIKit.framework; sourceTree = SDKROOT; };
		0AC25C19156DB51A004F57CB /* Foundation.framework */ = {isa = PBXFileReference; lastKnownFileType = wrapper.framework; name = Foundation.framework; path = System/Library/Frameworks/Foundation.framework; sourceTree = SDKROOT; };
		0AC25C1B156DB51A004F57CB /* CoreGraphics.framework */ = {isa = PBXFileReference; lastKnownFileType = wrapper.framework; name = CoreGraphics.framework; path = System/Library/Frameworks/CoreGraphics.framework; sourceTree = SDKROOT; };
		0AC25C1F156DB51A004F57CB /* snapp-Info.plist */ = {isa = PBXFileReference; path = "snapp-Info.plist"; sourceTree = "<group>"; };
		0AC25C21156DB51A004F57CB /* en */ = {isa = PBXFileReference; lastKnownFileType = text.plist.strings; name = en; path = en.lproj/InfoPlist.strings; sourceTree = "<group>"; };
		0AC25C23156DB51A004F57CB /* main.m */ = {isa = PBXFileReference; lastKnownFileType = sourcecode.c.objc; path = main.m; sourceTree = "<group>"; };
		0AC25C25156DB51A004F57CB /* snapp-Prefix.pch */ = {isa = PBXFileReference; path = "snapp-Prefix.pch"; sourceTree = "<group>"; };
		0AC25C26156DB51A004F57CB /* AppDelegate.h */ = {isa = PBXFileReference; path = AppDelegate.h; sourceTree = "<group>"; };
		0AC25C27156DB51A004F57CB /* AppDelegate.m */ = {isa = PBXFileReference; lastKnownFileType = sourcecode.c.objc; path = AppDelegate.m; sourceTree = "<group>"; };
		0AC25C2A156DB51A004F57CB /* en */ = {isa = PBXFileReference; lastKnownFileType = file.storyboard; name = en; path = en.lproj/MainStoryboard_iPhone.storyboard; sourceTree = "<group>"; };
		0AC25C2D156DB51A004F57CB /* en */ = {isa = PBXFileReference; lastKnownFileType = file.storyboard; name = en; path = en.lproj/MainStoryboard_iPad.storyboard; sourceTree = "<group>"; };
		0AC25C2F156DB51A004F57CB /* ViewController.h */ = {isa = PBXFileReference; path = ViewController.h; sourceTree = "<group>"; };
		0AC25C30156DB51A004F57CB /* ViewController.m */ = {isa = PBXFileReference; lastKnownFileType = sourcecode.c.objc; path = ViewController.m; sourceTree = "<group>"; };
		0AC25C37156DB51A004F57CB /* snappTests.octest */ = {isa = PBXFileReference; explicitFileType = wrapper.cfbundle; includeInIndex = 0; path = snappTests.octest; sourceTree = BUILT_PRODUCTS_DIR; };
		0AC25C38156DB51A004F57CB /* SenTestingKit.framework */ = {isa = PBXFileReference; lastKnownFileType = wrapper.framework; name = SenTestingKit.framework; path = Library/Frameworks/SenTestingKit.framework; sourceTree = DEVELOPER_DIR; };
		0AC25C40156DB51A004F57CB /* snappTests-Info.plist */ = {isa = PBXFileReference; path = "snappTests-Info.plist"; sourceTree = "<group>"; };
		0AC25C42156DB51A004F57CB /* en */ = {isa = PBXFileReference; lastKnownFileType = text.plist.strings; name = en; path = en.lproj/InfoPlist.strings; sourceTree = "<group>"; };
		0AC25C44156DB51A004F57CB /* snappTests.h */ = {isa = PBXFileReference; path = snappTests.h; sourceTree = "<group>"; };
		0AC25C45156DB51A004F57CB /* snappTests.m */ = {isa = PBXFileReference; lastKnownFileType = sourcecode.c.objc; path = snappTests.m; sourceTree = "<group>"; };
/* End PBXFileReference section */

/* Begin PBXFrameworksBuildPhase section */
		0AC25C10156DB51A004F57CB /* Frameworks */ = {
			isa = PBXFrameworksBuildPhase;
			buildActionMask = 2147483647;
			files = (
				0AC25C18156DB51A004F57CB /* UIKit.framework in Frameworks */,
				0AC25C1A156DB51A004F57CB /* Foundation.framework in Frameworks */,
				0AC25C1C156DB51A004F57CB /* CoreGraphics.framework in Frameworks */,
			);
			runOnlyForDeploymentPostprocessing = 0;
		};
		0AC25C33156DB51A004F57CB /* Frameworks */ = {
			isa = PBXFrameworksBuildPhase;
			buildActionMask = 2147483647;
			files = (
				0AC25C39156DB51A004F57CB /* SenTestingKit.framework in Frameworks */,
				0AC25C3A156DB51A004F57CB /* UIKit.framework in Frameworks */,
				0AC25C3B156DB51A004F57CB /* Foundation.framework in Frameworks */,
			);
			runOnlyForDeploymentPostprocessing = 0;
		};
/* End PBXFrameworksBuildPhase section */

/* Begin PBXGroup section */
		0AC25C08156DB51A004F57CB = {
			isa = PBXGroup;
			children = (
				0AC25C1D156DB51A004F57CB /* snapp */,
				0AC25C3E156DB51A004F57CB /* snappTests */,
				0AC25C16156DB51A004F57CB /* Frameworks */,
				0AC25C14156DB51A004F57CB /* Products */,
			);
			sourceTree = "<group>";
		};
		0AC25C14156DB51A004F57CB /* Products */ = {
			isa = PBXGroup;
			children = (
				0AC25C13156DB51A004F57CB /* snapp.app */,
				0AC25C37156DB51A004F57CB /* snappTests.octest */,
			);
			name = Products;
			sourceTree = "<group>";
		};
		0AC25C16156DB51A004F57CB /* Frameworks */ = {
			isa = PBXGroup;
			children = (
				0AC25C17156DB51A004F57CB /* UIKit.framework */,
				0AC25C19156DB51A004F57CB /* Foundation.framework */,
				0AC25C1B156DB51A004F57CB /* CoreGraphics.framework */,
				0AC25C38156DB51A004F57CB /* SenTestingKit.framework */,
			);
			name = Frameworks;
			sourceTree = "<group>";
		};
		0AC25C1D156DB51A004F57CB /* snapp */ = {
			isa = PBXGroup;
			children = (
				0AC25C26156DB51A004F57CB /* AppDelegate.h */,
				0AC25C27156DB51A004F57CB /* AppDelegate.m */,
				0AC25C29156DB51A004F57CB /* MainStoryboard_iPhone.storyboard */,
				0AC25C2C156DB51A004F57CB /* MainStoryboard_iPad.storyboard */,
				0AC25C2F156DB51A004F57CB /* ViewController.h */,
				0AC25C30156DB51A004F57CB /* ViewController.m */,
				0AC25C1E156DB51A004F57CB /* Supporting Files */,
			);
			path = snapp;
			sourceTree = "<group>";
		};
		0AC25C1E156DB51A004F57CB /* Supporting Files */ = {
			isa = PBXGroup;
			children = (
				0AC25C1F156DB51A004F57CB /* snapp-Info.plist */,
				0AC25C20156DB51A004F57CB /* InfoPlist.strings */,
				0AC25C23156DB51A004F57CB /* main.m */,
				0AC25C25156DB51A004F57CB /* snapp-Prefix.pch */,
			);
			name = "Supporting Files";
			sourceTree = "<group>";
		};
		0AC25C3E156DB51A004F57CB /* snappTests */ = {
			isa = PBXGroup;
			children = (
				0AC25C44156DB51A004F57CB /* snappTests.h */,
				0AC25C45156DB51A004F57CB /* snappTests.m */,
				0AC25C3F156DB51A004F57CB /* Supporting Files */,
			);
			path = snappTests;
			sourceTree = "<group>";
		};
		0AC25C3F156DB51A004F57CB /* Supporting Files */ = {
			isa = PBXGroup;
			children = (
				0AC25C40156DB51A004F57CB /* snappTests-Info.plist */,
				0AC25C41156DB51A004F57CB /* InfoPlist.strings */,
			);
			name = "Supporting Files";
			sourceTree = "<group>";
		};
/* End PBXGroup section */

/* Begin PBXNativeTarget section */
		0AC25C12156DB51A004F57CB /* snapp */ = {
			isa = PBXNativeTarget;
			buildConfigurationList = 0AC25C49156DB51A004F57CB /* Build configuration list for PBXNativeTarget "snapp" */;
			buildPhases = (
				0AC25C0F156DB51A004F57CB /* Sources */,
				0AC25C10156DB51A004F57CB /* Frameworks */,
				0AC25C11156DB51A004F57CB /* Resources */,
			);
			buildRules = (
			);
			dependencies = (
			);
			name = snapp;
			productName = snapp;
			productReference = 0AC25C13156DB51A004F57CB /* snapp.app */;
			productType = "com.apple.product-type.application";
		};
		0AC25C36156DB51A004F57CB /* snappTests */ = {
			isa = PBXNativeTarget;
			buildConfigurationList = 0AC25C4C156DB51A004F57CB /* Build configuration list for PBXNativeTarget "snappTests" */;
			buildPhases = (
				0AC25C32156DB51A004F57CB /* Sources */,
				0AC25C33156DB51A004F57CB /* Frameworks */,
				0AC25C34156DB51A004F57CB /* Resources */,
				0AC25C35156DB51A004F57CB /* ShellScript */,
			);
			buildRules = (
			);
			dependencies = (
				0AC25C3D156DB51A004F57CB /* PBXTargetDependency */,
			);
			name = snappTests;
			productName = snappTests;
			productReference = 0AC25C37156DB51A004F57CB /* snappTests.octest */;
			productType = "com.apple.product-type.bundle";
		};
/* End PBXNativeTarget section */

/* Begin PBXProject section */
		0AC25C0A156DB51A004F57CB /* Project object */ = {
			isa = PBXProject;
			attributes = {
				LastUpgradeCheck = 0430;
				ORGANIZATIONNAME = bfinance;
			};
			buildConfigurationList = 0AC25C0D156DB51A004F57CB /* Build configuration list for PBXProject "snapp" */;
			compatibilityVersion = "Xcode 3.2";
			developmentRegion = English;
			hasScannedForEncodings = 0;
			knownRegions = (
				en,
			);
			mainGroup = 0AC25C08156DB51A004F57CB;
			productRefGroup = 0AC25C14156DB51A004F57CB /* Products */;
			projectDirPath = "";
			projectRoot = "";
			targets = (
				0AC25C12156DB51A004F57CB /* snapp */,
				0AC25C36156DB51A004F57CB /* snappTests */,
			);
		};
/* End PBXProject section */

/* Begin PBXResourcesBuildPhase section */
		0AC25C11156DB51A004F57CB /* Resources */ = {
			isa = PBXResourcesBuildPhase;
			buildActionMask = 2147483647;
			files = (
				0AC25C22156DB51A004F57CB /* InfoPlist.strings in Resources */,
				0AC25C2B156DB51A004F57CB /* MainStoryboard_iPhone.storyboard in Resources */,
				0AC25C2E156DB51A004F57CB /* MainStoryboard_iPad.storyboard in Resources */,
			);
			runOnlyForDeploymentPostprocessing = 0;
		};
		0AC25C34156DB51A004F57CB /* Resources */ = {
			isa = PBXResourcesBuildPhase;
			buildActionMask = 2147483647;
			files = (
				0AC25C43156DB51A004F57CB /* InfoPlist.strings in Resources */,
			);
			runOnlyForDeploymentPostprocessing = 0;
		};
/* End PBXResourcesBuildPhase section */

/* Begin PBXShellScriptBuildPhase section */
		0AC25C35156DB51A004F57CB /* ShellScript */ = {
			isa = PBXShellScriptBuildPhase;
			buildActionMask = 2147483647;
			files = (
			);
			inputPaths = (
			);
			outputPaths = (
			);
			runOnlyForDeploymentPostprocessing = 0;
			shellPath = /bin/sh;
			shellScript = "# Run the unit tests in this test bundle.\n\"${SYSTEM_DEVELOPER_DIR}/Tools/RunUnitTests\"\n";
		};
/* End PBXShellScriptBuildPhase section */

/* Begin PBXSourcesBuildPhase section */
		0AC25C0F156DB51A004F57CB /* Sources */ = {
			isa = PBXSourcesBuildPhase;
			buildActionMask = 2147483647;
			files = (
				0AC25C24156DB51A004F57CB /* main.m in Sources */,
				0AC25C28156DB51A004F57CB /* AppDelegate.m in Sources */,
				0AC25C31156DB51A004F57CB /* ViewController.m in Sources */,
			);
			runOnlyForDeploymentPostprocessing = 0;
		};
		0AC25C32156DB51A004F57CB /* Sources */ = {
			isa = PBXSourcesBuildPhase;
			buildActionMask = 2147483647;
			files = (
				0AC25C46156DB51A004F57CB /* snappTests.m in Sources */,
			);
			runOnlyForDeploymentPostprocessing = 0;
		};
/* End PBXSourcesBuildPhase section */

/* Begin PBXTargetDependency section */
		0AC25C3D156DB51A004F57CB /* PBXTargetDependency */ = {
			isa = PBXTargetDependency;
			target = 0AC25C12156DB51A004F57CB /* snapp */;
			targetProxy = 0AC25C3C156DB51A004F57CB /* PBXContainerItemProxy */;
		};
/* End PBXTargetDependency section */

/* Begin PBXVariantGroup section */
		0AC25C20156DB51A004F57CB /* InfoPlist.strings */ = {
			isa = PBXVariantGroup;
			children = (
				0AC25C21156DB51A004F57CB /* en */,
			);
			name = InfoPlist.strings;
			sourceTree = "<group>";
		};
		0AC25C29156DB51A004F57CB /* MainStoryboard_iPhone.storyboard */ = {
			isa = PBXVariantGroup;
			children = (
				0AC25C2A156DB51A004F57CB /* en */,
			);
			name = MainStoryboard_iPhone.storyboard;
			sourceTree = "<group>";
		};
		0AC25C2C156DB51A004F57CB /* MainStoryboard_iPad.storyboard */ = {
			isa = PBXVariantGroup;
			children = (
				0AC25C2D156DB51A004F57CB /* en */,
			);
			name = MainStoryboard_iPad.storyboard;
			sourceTree = "<group>";
		};
		0AC25C41156DB51A004F57CB /* InfoPlist.strings */ = {
			isa = PBXVariantGroup;
			children = (
				0AC25C42156DB51A004F57CB /* en */,
			);
			name = InfoPlist.strings;
			sourceTree = "<group>";
		};
/* End PBXVariantGroup section */

/* Begin XCBuildConfiguration section */
		0AC25C47156DB51A004F57CB /* Debug */ = {
			isa = XCBuildConfiguration;
			buildSettings = {
				ALWAYS_SEARCH_USER_PATHS = NO;
				ARCHS = "$(ARCHS_STANDARD_32_BIT)";
				CLANG_ENABLE_OBJC_ARC = YES;
				"CODE_SIGN_IDENTITY[sdk=iphoneos*]" = "iPhone Developer";
				COPY_PHASE_STRIP = NO;
				GCC_C_LANGUAGE_STANDARD = gnu99;
				GCC_DYNAMIC_NO_PIC = NO;
				GCC_OPTIMIZATION_LEVEL = 0;
				GCC_PREPROCESSOR_DEFINITIONS = (
					"DEBUG=1",
					"$(inherited)",
				);
				GCC_SYMBOLS_PRIVATE_EXTERN = NO;
				GCC_VERSION = com.apple.compilers.llvm.clang.1_0;
				GCC_WARN_ABOUT_RETURN_TYPE = YES;
				GCC_WARN_UNINITIALIZED_AUTOS = YES;
				GCC_WARN_UNUSED_VARIABLE = YES;
				IPHONEOS_DEPLOYMENT_TARGET = 5.1;
				SDKROOT = iphoneos;
				TARGETED_DEVICE_FAMILY = "1,2";
			};
			name = Debug;
		};
		0AC25C48156DB51A004F57CB /* Release */ = {
			isa = XCBuildConfiguration;
			buildSettings = {
				ALWAYS_SEARCH_USER_PATHS = NO;
				ARCHS = "$(ARCHS_STANDARD_32_BIT)";
				CLANG_ENABLE_OBJC_ARC = YES;
				"CODE_SIGN_IDENTITY[sdk=iphoneos*]" = "iPhone Developer";
				COPY_PHASE_STRIP = YES;
				GCC_C_LANGUAGE_STANDARD = gnu99;
				GCC_VERSION = com.apple.compilers.llvm.clang.1_0;
				GCC_WARN_ABOUT_RETURN_TYPE = YES;
				GCC_WARN_UNINITIALIZED_AUTOS = YES;
				GCC_WARN_UNUSED_VARIABLE = YES;
				IPHONEOS_DEPLOYMENT_TARGET = 5.1;
				OTHER_CFLAGS = "-DNS_BLOCK_ASSERTIONS=1";
				SDKROOT = iphoneos;
				TARGETED_DEVICE_FAMILY = "1,2";
				VALIDATE_PRODUCT = YES;
			};
			name = Release;
		};
		0AC25C4A156DB51A004F57CB /* Debug */ = {
			isa = XCBuildConfiguration;
			buildSettings = {
				GCC_PRECOMPILE_PREFIX_HEADER = YES;
				GCC_PREFIX_HEADER = "snapp/snapp-Prefix.pch";
				INFOPLIST_FILE = "snapp/snapp-Info.plist";
				PRODUCT_NAME = "$(TARGET_NAME)";
				WRAPPER_EXTENSION = app;
			};
			name = Debug;
		};
		0AC25C4B156DB51A004F57CB /* Release */ = {
			isa = XCBuildConfiguration;
			buildSettings = {
				GCC_PRECOMPILE_PREFIX_HEADER = YES;
				GCC_PREFIX_HEADER = "snapp/snapp-Prefix.pch";
				INFOPLIST_FILE = "snapp/snapp-Info.plist";
				PRODUCT_NAME = "$(TARGET_NAME)";
				WRAPPER_EXTENSION = app;
			};
			name = Release;
		};
		0AC25C4D156DB51A004F57CB /* Debug */ = {
			isa = XCBuildConfiguration;
			buildSettings = {
				BUNDLE_LOADER = "$(BUILT_PRODUCTS_DIR)/snapp.app/snapp";
				FRAMEWORK_SEARCH_PATHS = (
					"$(SDKROOT)/Developer/Library/Frameworks",
					"$(DEVELOPER_LIBRARY_DIR)/Frameworks",
				);
				GCC_PRECOMPILE_PREFIX_HEADER = YES;
				GCC_PREFIX_HEADER = "snapp/snapp-Prefix.pch";
				INFOPLIST_FILE = "snappTests/snappTests-Info.plist";
				PRODUCT_NAME = "$(TARGET_NAME)";
				TEST_HOST = "$(BUNDLE_LOADER)";
				WRAPPER_EXTENSION = octest;
			};
			name = Debug;
		};
		0AC25C4E156DB51A004F57CB /* Release */ = {
			isa = XCBuildConfiguration;
			buildSettings = {
				BUNDLE_LOADER = "$(BUILT_PRODUCTS_DIR)/snapp.app/snapp";
				FRAMEWORK_SEARCH_PATHS = (
					"$(SDKROOT)/Developer/Library/Frameworks",
					"$(DEVELOPER_LIBRARY_DIR)/Frameworks",
				);
				GCC_PRECOMPILE_PREFIX_HEADER = YES;
				GCC_PREFIX_HEADER = "snapp/snapp-Prefix.pch";
				INFOPLIST_FILE = "snappTests/snappTests-Info.plist";
				PRODUCT_NAME = "$(TARGET_NAME)";
				TEST_HOST = "$(BUNDLE_LOADER)";
				WRAPPER_EXTENSION = octest;
			};
			name = Release;
		};
/* End XCBuildConfiguration section */

/* Begin XCConfigurationList section */
		0AC25C0D156DB51A004F57CB /* Build configuration list for PBXProject "snapp" */ = {
			isa = XCConfigurationList;
			buildConfigurations = (
				0AC25C47156DB51A004F57CB /* Debug */,
				0AC25C48156DB51A004F57CB /* Release */,
			);
			defaultConfigurationIsVisible = 0;
			defaultConfigurationName = Release;
		};
		0AC25C49156DB51A004F57CB /* Build configuration list for PBXNativeTarget "snapp" */ = {
			isa = XCConfigurationList;
			buildConfigurations = (
				0AC25C4A156DB51A004F57CB /* Debug */,
				0AC25C4B156DB51A004F57CB /* Release */,
			);
			defaultConfigurationIsVisible = 0;
		};
		0AC25C4C156DB51A004F57CB /* Build configuration list for PBXNativeTarget "snappTests" */ = {
			isa = XCConfigurationList;
			buildConfigurations = (
				0AC25C4D156DB51A004F57CB /* Debug */,
				0AC25C4E156DB51A004F57CB /* Release */,
			);
			defaultConfigurationIsVisible = 0;
		};
/* End XCConfigurationList section */
	};
	rootObject = 0AC25C0A156DB51A004F57CB /* Project object */;
}
